
Microsoft Visual Studio Solution File, Format Version 12.00
# Visual Studio 15
VisualStudioVersion = 15.0.28010.2046
MinimumVisualStudioVersion = 10.0.40219.1
Project("{FAE04EC0-301F-11D3-BF4B-00C04F79EFBC}") = "Domain", "Domain\Domain.csproj", "{A3F1EE9B-86A0-428B-9515-DEAFC2AF5F85}"
EndProject
Project("{FAE04EC0-301F-11D3-BF4B-00C04F79EFBC}") = "WebUI", "WebUI\WebUI.csproj", "{9F68CA9D-31DF-4DD7-B434-C7C2CD7A839D}"
EndProject
Project("{FAE04EC0-301F-11D3-BF4B-00C04F79EFBC}") = "UnitTests", "UnitTests\UnitTests.csproj", "{105B3D06-25CF-4784-9E46-3BB2A1650AA7}"
EndProject
Global
	GlobalSection(SolutionConfigurationPlatforms) = preSolution
		Debug|Any CPU = Debug|Any CPU
		Release|Any CPU = Release|Any CPU
	EndGlobalSection
	GlobalSection(ProjectConfigurationPlatforms) = postSolution
		{A3F1EE9B-86A0-428B-9515-DEAFC2AF5F85}.Debug|Any CPU.ActiveCfg = Debug|Any CPU
		{A3F1EE9B-86A0-428B-9515-DEAFC2AF5F85}.Debug|Any CPU.Build.0 = Debug|Any CPU
		{A3F1EE9B-86A0-428B-9515-DEAFC2AF5F85}.Release|Any CPU.ActiveCfg = Release|Any CPU
		{A3F1EE9B-86A0-428B-9515-DEAFC2AF5F85}.Release|Any CPU.Build.0 = Release|Any CPU
		{9F68CA9D-31DF-4DD7-B434-C7C2CD7A839D}.Debug|Any CPU.ActiveCfg = Debug|Any CPU
		{9F68CA9D-31DF-4DD7-B434-C7C2CD7A839D}.Debug|Any CPU.Build.0 = Debug|Any CPU
		{9F68CA9D-31DF-4DD7-B434-C7C2CD7A839D}.Release|Any CPU.ActiveCfg = Release|Any CPU
		{9F68CA9D-31DF-4DD7-B434-C7C2CD7A839D}.Release|Any CPU.Build.0 = Release|Any CPU
		{105B3D06-25CF-4784-9E46-3BB2A1650AA7}.Debug|Any CPU.ActiveCfg = Debug|Any CPU
		{105B3D06-25CF-4784-9E46-3BB2A1650AA7}.Debug|Any CPU.Build.0 = Debug|Any CPU
		{105B3D06-25CF-4784-9E46-3BB2A1650AA7}.Release|Any CPU.ActiveCfg = Release|Any CPU
		{105B3D06-25CF-4784-9E46-3BB2A1650AA7}.Release|Any CPU.Build.0 = Release|Any CPU
	EndGlobalSection
	GlobalSection(SolutionProperties) = preSolution
		HideSolutionNode = FALSE
	EndGlobalSection
	GlobalSection(ExtensibilityGlobals) = postSolution
		SolutionGuid = {395277AB-B66C-4F3B-A614-9C7D6A350E14}
	EndGlobalSection
EndGlobal
